// !$*UTF8*$!
{
	archiveVersion = 1;
	classes = {
	};
	objectVersion = 46;
	objects = {

/* Begin PBXBuildFile section */
		04B847CD19160BDA00970671 /* Foundation.framework in Frameworks */ = {isa = PBXBuildFile; fileRef = 04B847CC19160BDA00970671 /* Foundation.framework */; };
		04B847CF19160BDA00970671 /* CoreGraphics.framework in Frameworks */ = {isa = PBXBuildFile; fileRef = 04B847CE19160BDA00970671 /* CoreGraphics.framework */; };
		04B847D119160BDA00970671 /* UIKit.framework in Frameworks */ = {isa = PBXBuildFile; fileRef = 04B847D019160BDA00970671 /* UIKit.framework */; };
		04B847D719160BDA00970671 /* InfoPlist.strings in Resources */ = {isa = PBXBuildFile; fileRef = 04B847D519160BDA00970671 /* InfoPlist.strings */; };
		04B847D919160BDA00970671 /* main.m in Sources */ = {isa = PBXBuildFile; fileRef = 04B847D819160BDA00970671 /* main.m */; };
		04B847DD19160BDA00970671 /* ServyouAppDelegate.m in Sources */ = {isa = PBXBuildFile; fileRef = 04B847DC19160BDA00970671 /* ServyouAppDelegate.m */; };
		04B847E019160BDA00970671 /* Main_iPhone.storyboard in Resources */ = {isa = PBXBuildFile; fileRef = 04B847DE19160BDA00970671 /* Main_iPhone.storyboard */; };
		04B847E319160BDB00970671 /* Main_iPad.storyboard in Resources */ = {isa = PBXBuildFile; fileRef = 04B847E119160BDB00970671 /* Main_iPad.storyboard */; };
		04B847E619160BDB00970671 /* ServyouFirstViewController.m in Sources */ = {isa = PBXBuildFile; fileRef = 04B847E519160BDB00970671 /* ServyouFirstViewController.m */; };
		04B847E919160BDB00970671 /* ServyouSecondViewController.m in Sources */ = {isa = PBXBuildFile; fileRef = 04B847E819160BDB00970671 /* ServyouSecondViewController.m */; };
		04B847EB19160BDB00970671 /* Images.xcassets in Resources */ = {isa = PBXBuildFile; fileRef = 04B847EA19160BDB00970671 /* Images.xcassets */; };
		04B847F219160BDB00970671 /* XCTest.framework in Frameworks */ = {isa = PBXBuildFile; fileRef = 04B847F119160BDB00970671 /* XCTest.framework */; };
		04B847F319160BDB00970671 /* Foundation.framework in Frameworks */ = {isa = PBXBuildFile; fileRef = 04B847CC19160BDA00970671 /* Foundation.framework */; };
		04B847F419160BDB00970671 /* UIKit.framework in Frameworks */ = {isa = PBXBuildFile; fileRef = 04B847D019160BDA00970671 /* UIKit.framework */; };
		04B847FC19160BDB00970671 /* InfoPlist.strings in Resources */ = {isa = PBXBuildFile; fileRef = 04B847FA19160BDB00970671 /* InfoPlist.strings */; };
		04B847FE19160BDB00970671 /* test2Tests.m in Sources */ = {isa = PBXBuildFile; fileRef = 04B847FD19160BDB00970671 /* test2Tests.m */; };
/* End PBXBuildFile section */

/* Begin PBXContainerItemProxy section */
		04B847F519160BDB00970671 /* PBXContainerItemProxy */ = {
			isa = PBXContainerItemProxy;
			containerPortal = 04B847C119160BDA00970671 /* Project object */;
			proxyType = 1;
			remoteGlobalIDString = 04B847C819160BDA00970671;
			remoteInfo = test2;
		};
/* End PBXContainerItemProxy section */

/* Begin PBXFileReference section */
		04B847C919160BDA00970671 /* test2.app */ = {isa = PBXFileReference; explicitFileType = wrapper.application; includeInIndex = 0; path = test2.app; sourceTree = BUILT_PRODUCTS_DIR; };
		04B847CC19160BDA00970671 /* Foundation.framework */ = {isa = PBXFileReference; lastKnownFileType = wrapper.framework; name = Foundation.framework; path = System/Library/Frameworks/Foundation.framework; sourceTree = SDKROOT; };
		04B847CE19160BDA00970671 /* CoreGraphics.framework */ = {isa = PBXFileReference; lastKnownFileType = wrapper.framework; name = CoreGraphics.framework; path = System/Library/Frameworks/CoreGraphics.framework; sourceTree = SDKROOT; };
		04B847D019160BDA00970671 /* UIKit.framework */ = {isa = PBXFileReference; lastKnownFileType = wrapper.framework; name = UIKit.framework; path = System/Library/Frameworks/UIKit.framework; sourceTree = SDKROOT; };
		04B847D419160BDA00970671 /* test2-Info.plist */ = {isa = PBXFileReference; lastKnownFileType = text.plist.xml; path = "test2-Info.plist"; sourceTree = "<group>"; };
		04B847D619160BDA00970671 /* en */ = {isa = PBXFileReference; lastKnownFileType = text.plist.strings; name = en; path = en.lproj/InfoPlist.strings; sourceTree = "<group>"; };
		04B847D819160BDA00970671 /* main.m */ = {isa = PBXFileReference; lastKnownFileType = sourcecode.c.objc; path = main.m; sourceTree = "<group>"; };
		04B847DA19160BDA00970671 /* test2-Prefix.pch */ = {isa = PBXFileReference; lastKnownFileType = sourcecode.c.h; path = "test2-Prefix.pch"; sourceTree = "<group>"; };
		04B847DB19160BDA00970671 /* ServyouAppDelegate.h */ = {isa = PBXFileReference; lastKnownFileType = sourcecode.c.h; path = ServyouAppDelegate.h; sourceTree = "<group>"; };
		04B847DC19160BDA00970671 /* ServyouAppDelegate.m */ = {isa = PBXFileReference; lastKnownFileType = sourcecode.c.objc; path = ServyouAppDelegate.m; sourceTree = "<group>"; };
		04B847DF19160BDA00970671 /* Base */ = {isa = PBXFileReference; lastKnownFileType = file.storyboard; name = Base; path = Base.lproj/Main_iPhone.storyboard; sourceTree = "<group>"; };
		04B847E219160BDB00970671 /* Base */ = {isa = PBXFileReference; lastKnownFileType = file.storyboard; name = Base; path = Base.lproj/Main_iPad.storyboard; sourceTree = "<group>"; };
		04B847E419160BDB00970671 /* ServyouFirstViewController.h */ = {isa = PBXFileReference; lastKnownFileType = sourcecode.c.h; path = ServyouFirstViewController.h; sourceTree = "<group>"; };
		04B847E519160BDB00970671 /* ServyouFirstViewController.m */ = {isa = PBXFileReference; lastKnownFileType = sourcecode.c.objc; path = ServyouFirstViewController.m; sourceTree = "<group>"; };
		04B847E719160BDB00970671 /* ServyouSecondViewController.h */ = {isa = PBXFileReference; lastKnownFileType = sourcecode.c.h; path = ServyouSecondViewController.h; sourceTree = "<group>"; };
		04B847E819160BDB00970671 /* ServyouSecondViewController.m */ = {isa = PBXFileReference; lastKnownFileType = sourcecode.c.objc; path = ServyouSecondViewController.m; sourceTree = "<group>"; };
		04B847EA19160BDB00970671 /* Images.xcassets */ = {isa = PBXFileReference; lastKnownFileType = folder.assetcatalog; path = Images.xcassets; sourceTree = "<group>"; };
		04B847F019160BDB00970671 /* test2Tests.xctest */ = {isa = PBXFileReference; explicitFileType = wrapper.cfbundle; includeInIndex = 0; path = test2Tests.xctest; sourceTree = BUILT_PRODUCTS_DIR; };
		04B847F119160BDB00970671 /* XCTest.framework */ = {isa = PBXFileReference; lastKnownFileType = wrapper.framework; name = XCTest.framework; path = Library/Frameworks/XCTest.framework; sourceTree = DEVELOPER_DIR; };
		04B847F919160BDB00970671 /* test2Tests-Info.plist */ = {isa = PBXFileReference; lastKnownFileType = text.plist.xml; path = "test2Tests-Info.plist"; sourceTree = "<group>"; };
		04B847FB19160BDB00970671 /* en */ = {isa = PBXFileReference; lastKnownFileType = text.plist.strings; name = en; path = en.lproj/InfoPlist.strings; sourceTree = "<group>"; };
		04B847FD19160BDB00970671 /* test2Tests.m */ = {isa = PBXFileReference; lastKnownFileType = sourcecode.c.objc; path = test2Tests.m; sourceTree = "<group>"; };
/* End PBXFileReference section */

/* Begin PBXFrameworksBuildPhase section */
		04B847C619160BDA00970671 /* Frameworks */ = {
			isa = PBXFrameworksBuildPhase;
			buildActionMask = 2147483647;
			files = (
				04B847CF19160BDA00970671 /* CoreGraphics.framework in Frameworks */,
				04B847D119160BDA00970671 /* UIKit.framework in Frameworks */,
				04B847CD19160BDA00970671 /* Foundation.framework in Frameworks */,
			);
			runOnlyForDeploymentPostprocessing = 0;
		};
		04B847ED19160BDB00970671 /* Frameworks */ = {
			isa = PBXFrameworksBuildPhase;
			buildActionMask = 2147483647;
			files = (
				04B847F219160BDB00970671 /* XCTest.framework in Frameworks */,
				04B847F419160BDB00970671 /* UIKit.framework in Frameworks */,
				04B847F319160BDB00970671 /* Foundation.framework in Frameworks */,
			);
			runOnlyForDeploymentPostprocessing = 0;
		};
/* End PBXFrameworksBuildPhase section */

/* Begin PBXGroup section */
		04B847C019160BDA00970671 = {
			isa = PBXGroup;
			children = (
				04B847D219160BDA00970671 /* test2 */,
				04B847F719160BDB00970671 /* test2Tests */,
				04B847CB19160BDA00970671 /* Frameworks */,
				04B847CA19160BDA00970671 /* Products */,
			);
			sourceTree = "<group>";
		};
		04B847CA19160BDA00970671 /* Products */ = {
			isa = PBXGroup;
			children = (
				04B847C919160BDA00970671 /* test2.app */,
				04B847F019160BDB00970671 /* test2Tests.xctest */,
			);
			name = Products;
			sourceTree = "<group>";
		};
		04B847CB19160BDA00970671 /* Frameworks */ = {
			isa = PBXGroup;
			children = (
				04B847CC19160BDA00970671 /* Foundation.framework */,
				04B847CE19160BDA00970671 /* CoreGraphics.framework */,
				04B847D019160BDA00970671 /* UIKit.framework */,
				04B847F119160BDB00970671 /* XCTest.framework */,
			);
			name = Frameworks;
			sourceTree = "<group>";
		};
		04B847D219160BDA00970671 /* test2 */ = {
			isa = PBXGroup;
			children = (
				04B847DB19160BDA00970671 /* ServyouAppDelegate.h */,
				04B847DC19160BDA00970671 /* ServyouAppDelegate.m */,
				04B847DE19160BDA00970671 /* Main_iPhone.storyboard */,
				04B847E119160BDB00970671 /* Main_iPad.storyboard */,
				04B847E419160BDB00970671 /* ServyouFirstViewController.h */,
				04B847E519160BDB00970671 /* ServyouFirstViewController.m */,
				04B847E719160BDB00970671 /* ServyouSecondViewController.h */,
				04B847E819160BDB00970671 /* ServyouSecondViewController.m */,
				04B847EA19160BDB00970671 /* Images.xcassets */,
				04B847D319160BDA00970671 /* Supporting Files */,
			);
			path = test2;
			sourceTree = "<group>";
		};
		04B847D319160BDA00970671 /* Supporting Files */ = {
			isa = PBXGroup;
			children = (
				04B847D419160BDA00970671 /* test2-Info.plist */,
				04B847D519160BDA00970671 /* InfoPlist.strings */,
				04B847D819160BDA00970671 /* main.m */,
				04B847DA19160BDA00970671 /* test2-Prefix.pch */,
			);
			name = "Supporting Files";
			sourceTree = "<group>";
		};
		04B847F719160BDB00970671 /* test2Tests */ = {
			isa = PBXGroup;
			children = (
				04B847FD19160BDB00970671 /* test2Tests.m */,
				04B847F819160BDB00970671 /* Supporting Files */,
			);
			path = test2Tests;
			sourceTree = "<group>";
		};
		04B847F819160BDB00970671 /* Supporting Files */ = {
			isa = PBXGroup;
			children = (
				04B847F919160BDB00970671 /* test2Tests-Info.plist */,
				04B847FA19160BDB00970671 /* InfoPlist.strings */,
			);
			name = "Supporting Files";
			sourceTree = "<group>";
		};
/* End PBXGroup section */

/* Begin PBXNativeTarget section */
		04B847C819160BDA00970671 /* test2 */ = {
			isa = PBXNativeTarget;
			buildConfigurationList = 04B8480119160BDB00970671 /* Build configuration list for PBXNativeTarget "test2" */;
			buildPhases = (
				04B847C519160BDA00970671 /* Sources */,
				04B847C619160BDA00970671 /* Frameworks */,
				04B847C719160BDA00970671 /* Resources */,
			);
			buildRules = (
			);
			dependencies = (
			);
			name = test2;
			productName = test2;
			productReference = 04B847C919160BDA00970671 /* test2.app */;
			productType = "com.apple.product-type.application";
		};
		04B847EF19160BDB00970671 /* test2Tests */ = {
			isa = PBXNativeTarget;
			buildConfigurationList = 04B8480419160BDB00970671 /* Build configuration list for PBXNativeTarget "test2Tests" */;
			buildPhases = (
				04B847EC19160BDB00970671 /* Sources */,
				04B847ED19160BDB00970671 /* Frameworks */,
				04B847EE19160BDB00970671 /* Resources */,
			);
			buildRules = (
			);
			dependencies = (
				04B847F619160BDB00970671 /* PBXTargetDependency */,
			);
			name = test2Tests;
			productName = test2Tests;
			productReference = 04B847F019160BDB00970671 /* test2Tests.xctest */;
			productType = "com.apple.product-type.bundle.unit-test";
		};
/* End PBXNativeTarget section */

/* Begin PBXProject section */
		04B847C119160BDA00970671 /* Project object */ = {
			isa = PBXProject;
			attributes = {
				CLASSPREFIX = Servyou;
				LastUpgradeCheck = 0510;
				ORGANIZATIONNAME = servyou;
				TargetAttributes = {
					04B847EF19160BDB00970671 = {
						TestTargetID = 04B847C819160BDA00970671;
					};
				};
			};
			buildConfigurationList = 04B847C419160BDA00970671 /* Build configuration list for PBXProject "test2" */;
			compatibilityVersion = "Xcode 3.2";
			developmentRegion = English;
			hasScannedForEncodings = 0;
			knownRegions = (
				en,
				Base,
			);
			mainGroup = 04B847C019160BDA00970671;
			productRefGroup = 04B847CA19160BDA00970671 /* Products */;
			projectDirPath = "";
			projectRoot = "";
			targets = (
				04B847C819160BDA00970671 /* test2 */,
				04B847EF19160BDB00970671 /* test2Tests */,
			);
		};
/* End PBXProject section */

/* Begin PBXResourcesBuildPhase section */
		04B847C719160BDA00970671 /* Resources */ = {
			isa = PBXResourcesBuildPhase;
			buildActionMask = 2147483647;
			files = (
				04B847E319160BDB00970671 /* Main_iPad.storyboard in Resources */,
				04B847EB19160BDB00970671 /* Images.xcassets in Resources */,
				04B847E019160BDA00970671 /* Main_iPhone.storyboard in Resources */,
				04B847D719160BDA00970671 /* InfoPlist.strings in Resources */,
			);
			runOnlyForDeploymentPostprocessing = 0;
		};
		04B847EE19160BDB00970671 /* Resources */ = {
			isa = PBXResourcesBuildPhase;
			buildActionMask = 2147483647;
			files = (
				04B847FC19160BDB00970671 /* InfoPlist.strings in Resources */,
			);
			runOnlyForDeploymentPostprocessing = 0;
		};
/* End PBXResourcesBuildPhase section */

/* Begin PBXSourcesBuildPhase section */
		04B847C519160BDA00970671 /* Sources */ = {
			isa = PBXSourcesBuildPhase;
			buildActionMask = 2147483647;
			files = (
				04B847E919160BDB00970671 /* ServyouSecondViewController.m in Sources */,
				04B847DD19160BDA00970671 /* ServyouAppDelegate.m in Sources */,
				04B847D919160BDA00970671 /* main.m in Sources */,
				04B847E619160BDB00970671 /* ServyouFirstViewController.m in Sources */,
			);
			runOnlyForDeploymentPostprocessing = 0;
		};
		04B847EC19160BDB00970671 /* Sources */ = {
			isa = PBXSourcesBuildPhase;
			buildActionMask = 2147483647;
			files = (
				04B847FE19160BDB00970671 /* test2Tests.m in Sources */,
			);
			runOnlyForDeploymentPostprocessing = 0;
		};
/* End PBXSourcesBuildPhase section */

/* Begin PBXTargetDependency section */
		04B847F619160BDB00970671 /* PBXTargetDependency */ = {
			isa = PBXTargetDependency;
			target = 04B847C819160BDA00970671 /* test2 */;
			targetProxy = 04B847F519160BDB00970671 /* PBXContainerItemProxy */;
		};
/* End PBXTargetDependency section */

/* Begin PBXVariantGroup section */
		04B847D519160BDA00970671 /* InfoPlist.strings */ = {
			isa = PBXVariantGroup;
			children = (
				04B847D619160BDA00970671 /* en */,
			);
			name = InfoPlist.strings;
			sourceTree = "<group>";
		};
		04B847DE19160BDA00970671 /* Main_iPhone.storyboard */ = {
			isa = PBXVariantGroup;
			children = (
				04B847DF19160BDA00970671 /* Base */,
			);
			name = Main_iPhone.storyboard;
			sourceTree = "<group>";
		};
		04B847E119160BDB00970671 /* Main_iPad.storyboard */ = {
			isa = PBXVariantGroup;
			children = (
				04B847E219160BDB00970671 /* Base */,
			);
			name = Main_iPad.storyboard;
			sourceTree = "<group>";
		};
		04B847FA19160BDB00970671 /* InfoPlist.strings */ = {
			isa = PBXVariantGroup;
			children = (
				04B847FB19160BDB00970671 /* en */,
			);
			name = InfoPlist.strings;
			sourceTree = "<group>";
		};
/* End PBXVariantGroup section */

/* Begin XCBuildConfiguration section */
		04B847FF19160BDB00970671 /* Debug */ = {
			isa = XCBuildConfiguration;
			buildSettings = {
				ALWAYS_SEARCH_USER_PATHS = NO;
				CLANG_CXX_LANGUAGE_STANDARD = "gnu++0x";
				CLANG_CXX_LIBRARY = "libc++";
				CLANG_ENABLE_MODULES = YES;
				CLANG_ENABLE_OBJC_ARC = YES;
				CLANG_WARN_BOOL_CONVERSION = YES;
				CLANG_WARN_CONSTANT_CONVERSION = YES;
				CLANG_WARN_DIRECT_OBJC_ISA_USAGE = YES_ERROR;
				CLANG_WARN_EMPTY_BODY = YES;
				CLANG_WARN_ENUM_CONVERSION = YES;
				CLANG_WARN_INT_CONVERSION = YES;
				CLANG_WARN_OBJC_ROOT_CLASS = YES_ERROR;
				CLANG_WARN__DUPLICATE_METHOD_MATCH = YES;
				"CODE_SIGN_IDENTITY[sdk=iphoneos*]" = "iPhone Developer";
				COPY_PHASE_STRIP = NO;
				GCC_C_LANGUAGE_STANDARD = gnu99;
				GCC_DYNAMIC_NO_PIC = NO;
				GCC_OPTIMIZATION_LEVEL = 0;
				GCC_PREPROCESSOR_DEFINITIONS = (
					"DEBUG=1",
					"$(inherited)",
				);
				GCC_SYMBOLS_PRIVATE_EXTERN = NO;
				GCC_WARN_64_TO_32_BIT_CONVERSION = YES;
				GCC_WARN_ABOUT_RETURN_TYPE = YES_ERROR;
				GCC_WARN_UNDECLARED_SELECTOR = YES;
				GCC_WARN_UNINITIALIZED_AUTOS = YES_AGGRESSIVE;
				GCC_WARN_UNUSED_FUNCTION = YES;
				GCC_WARN_UNUSED_VARIABLE = YES;
				IPHONEOS_DEPLOYMENT_TARGET = 7.1;
				ONLY_ACTIVE_ARCH = YES;
				SDKROOT = iphoneos;
				TARGETED_DEVICE_FAMILY = "1,2";
			};
			name = Debug;
		};
		04B8480019160BDB00970671 /* Release */ = {
			isa = XCBuildConfiguration;
			buildSettings = {
				ALWAYS_SEARCH_USER_PATHS = NO;
				CLANG_CXX_LANGUAGE_STANDARD = "gnu++0x";
				CLANG_CXX_LIBRARY = "libc++";
				CLANG_ENABLE_MODULES = YES;
				CLANG_ENABLE_OBJC_ARC = YES;
				CLANG_WARN_BOOL_CONVERSION = YES;
				CLANG_WARN_CONSTANT_CONVERSION = YES;
				CLANG_WARN_DIRECT_OBJC_ISA_USAGE = YES_ERROR;
				CLANG_WARN_EMPTY_BODY = YES;
				CLANG_WARN_ENUM_CONVERSION = YES;
				CLANG_WARN_INT_CONVERSION = YES;
				CLANG_WARN_OBJC_ROOT_CLASS = YES_ERROR;
				CLANG_WARN__DUPLICATE_METHOD_MATCH = YES;
				"CODE_SIGN_IDENTITY[sdk=iphoneos*]" = "iPhone Developer";
				COPY_PHASE_STRIP = YES;
				ENABLE_NS_ASSERTIONS = NO;
				GCC_C_LANGUAGE_STANDARD = gnu99;
				GCC_WARN_64_TO_32_BIT_CONVERSION = YES;
				GCC_WARN_ABOUT_RETURN_TYPE = YES_ERROR;
				GCC_WARN_UNDECLARED_SELECTOR = YES;
				GCC_WARN_UNINITIALIZED_AUTOS = YES_AGGRESSIVE;
				GCC_WARN_UNUSED_FUNCTION = YES;
				GCC_WARN_UNUSED_VARIABLE = YES;
				IPHONEOS_DEPLOYMENT_TARGET = 7.1;
				SDKROOT = iphoneos;
				TARGETED_DEVICE_FAMILY = "1,2";
				VALIDATE_PRODUCT = YES;
			};
			name = Release;
		};
		04B8480219160BDB00970671 /* Debug */ = {
			isa = XCBuildConfiguration;
			buildSettings = {
				ASSETCATALOG_COMPILER_APPICON_NAME = AppIcon;
				ASSETCATALOG_COMPILER_LAUNCHIMAGE_NAME = LaunchImage;
				GCC_PRECOMPILE_PREFIX_HEADER = YES;
				GCC_PREFIX_HEADER = "test2/test2-Prefix.pch";
				INFOPLIST_FILE = "test2/test2-Info.plist";
				PRODUCT_NAME = "$(TARGET_NAME)";
				WRAPPER_EXTENSION = app;
			};
			name = Debug;
		};
		04B8480319160BDB00970671 /* Release */ = {
			isa = XCBuildConfiguration;
			buildSettings = {
				ASSETCATALOG_COMPILER_APPICON_NAME = AppIcon;
				ASSETCATALOG_COMPILER_LAUNCHIMAGE_NAME = LaunchImage;
				GCC_PRECOMPILE_PREFIX_HEADER = YES;
				GCC_PREFIX_HEADER = "test2/test2-Prefix.pch";
				INFOPLIST_FILE = "test2/test2-Info.plist";
				PRODUCT_NAME = "$(TARGET_NAME)";
				WRAPPER_EXTENSION = app;
			};
			name = Release;
		};
		04B8480519160BDB00970671 /* Debug */ = {
			isa = XCBuildConfiguration;
			buildSettings = {
				BUNDLE_LOADER = "$(BUILT_PRODUCTS_DIR)/test2.app/test2";
				FRAMEWORK_SEARCH_PATHS = (
					"$(SDKROOT)/Developer/Library/Frameworks",
					"$(inherited)",
					"$(DEVELOPER_FRAMEWORKS_DIR)",
				);
				GCC_PRECOMPILE_PREFIX_HEADER = YES;
				GCC_PREFIX_HEADER = "test2/test2-Prefix.pch";
				GCC_PREPROCESSOR_DEFINITIONS = (
					"DEBUG=1",
					"$(inherited)",
				);
				INFOPLIST_FILE = "test2Tests/test2Tests-Info.plist";
				PRODUCT_NAME = "$(TARGET_NAME)";
				TEST_HOST = "$(BUNDLE_LOADER)";
				WRAPPER_EXTENSION = xctest;
			};
			name = Debug;
		};
		04B8480619160BDB00970671 /* Release */ = {
			isa = XCBuildConfiguration;
			buildSettings = {
				BUNDLE_LOADER = "$(BUILT_PRODUCTS_DIR)/test2.app/test2";
				FRAMEWORK_SEARCH_PATHS = (
					"$(SDKROOT)/Developer/Library/Frameworks",
					"$(inherited)",
					"$(DEVELOPER_FRAMEWORKS_DIR)",
				);
				GCC_PRECOMPILE_PREFIX_HEADER = YES;
				GCC_PREFIX_HEADER = "test2/test2-Prefix.pch";
				INFOPLIST_FILE = "test2Tests/test2Tests-Info.plist";
				PRODUCT_NAME = "$(TARGET_NAME)";
				TEST_HOST = "$(BUNDLE_LOADER)";
				WRAPPER_EXTENSION = xctest;
			};
			name = Release;
		};
/* End XCBuildConfiguration section */

/* Begin XCConfigurationList section */
		04B847C419160BDA00970671 /* Build configuration list for PBXProject "test2" */ = {
			isa = XCConfigurationList;
			buildConfigurations = (
				04B847FF19160BDB00970671 /* Debug */,
				04B8480019160BDB00970671 /* Release */,
			);
			defaultConfigurationIsVisible = 0;
			defaultConfigurationName = Release;
		};
		04B8480119160BDB00970671 /* Build configuration list for PBXNativeTarget "test2" */ = {
			isa = XCConfigurationList;
			buildConfigurations = (
				04B8480219160BDB00970671 /* Debug */,
				04B8480319160BDB00970671 /* Release */,
			);
			defaultConfigurationIsVisible = 0;
		};
		04B8480419160BDB00970671 /* Build configuration list for PBXNativeTarget "test2Tests" */ = {
			isa = XCConfigurationList;
			buildConfigurations = (
				04B8480519160BDB00970671 /* Debug */,
				04B8480619160BDB00970671 /* Release */,
			);
			defaultConfigurationIsVisible = 0;
		};
/* End XCConfigurationList section */
	};
	rootObject = 04B847C119160BDA00970671 /* Project object */;
}
